Microsoft Visual Studio Solution File, Format Version 12.00
# Visual Studio Version 17
VisualStudioVersion = 17.5.2.0
MinimumVisualStudioVersion = 10.0.40219.1
Project("{FAE04EC0-301F-11D3-BF4B-00C04F79EFBC}") = "Microsoft.Helix.QueueScale", "Microsoft.Helix.QueueScale.csproj", "{AD5531C0-D04A-9D6A-A04A-07880F7A28F5}"
EndProject
Global
	GlobalSection(SolutionConfigurationPlatforms) = preSolution
		Debug|Any CPU = Debug|Any CPU
		Release|Any CPU = Release|Any CPU
	EndGlobalSection
	GlobalSection(ProjectConfigurationPlatforms) = postSolution
		{AD5531C0-D04A-9D6A-A04A-07880F7A28F5}.Debug|Any CPU.ActiveCfg = Debug|Any CPU
		{AD5531C0-D04A-9D6A-A04A-07880F7A28F5}.Debug|Any CPU.Build.0 = Debug|Any CPU
		{AD5531C0-D04A-9D6A-A04A-07880F7A28F5}.Release|Any CPU.ActiveCfg = Release|Any CPU
		{AD5531C0-D04A-9D6A-A04A-07880F7A28F5}.Release|Any CPU.Build.0 = Release|Any CPU
	EndGlobalSection
	GlobalSection(SolutionProperties) = preSolution
		HideSolutionNode = FALSE
	EndGlobalSection
	GlobalSection(ExtensibilityGlobals) = postSolution
		SolutionGuid = {FA881D43-C6BD-4473-B5E0-766E543F37BA}
	EndGlobalSection
EndGlobal
